
Microsoft Visual Studio Solution File, Format Version 12.00
# Visual Studio 15
VisualStudioVersion = 15.0.27703.2035
MinimumVisualStudioVersion = 10.0.40219.1
Project("{8BC9CEB8-8B4A-11D0-8D11-00A0C91BC942}") = "TCG-LoginServer", "TCG-LoginServer\TCG-LoginServer.vcxproj", "{013DE81A-79C6-42D0-A9D4-197A961F15E7}"
EndProject
Global
	GlobalSection(SolutionConfigurationPlatforms) = preSolution
		Debug|x64 = Debug|x64
		Release|x64 = Release|x64
	EndGlobalSection
	GlobalSection(ProjectConfigurationPlatforms) = postSolution
		{013DE81A-79C6-42D0-A9D4-197A961F15E7}.Debug|x64.ActiveCfg = Debug|x64
		{013DE81A-79C6-42D0-A9D4-197A961F15E7}.Debug|x64.Build.0 = Debug|x64
		{013DE81A-79C6-42D0-A9D4-197A961F15E7}.Release|x64.ActiveCfg = Release|x64
		{013DE81A-79C6-42D0-A9D4-197A961F15E7}.Release|x64.Build.0 = Release|x64
	EndGlobalSection
	GlobalSection(SolutionProperties) = preSolution
		HideSolutionNode = FALSE
	EndGlobalSection
	GlobalSection(ExtensibilityGlobals) = postSolution
		SolutionGuid = {368379DF-1287-4118-862C-969C6B738EE4}
	EndGlobalSection
EndGlobal
